
Microsoft Visual Studio Solution File, Format Version 12.00
# Visual Studio 14
VisualStudioVersion = 14.0.23107.0
MinimumVisualStudioVersion = 10.0.40219.1
Project("{FAE04EC0-301F-11D3-BF4B-00C04F79EFBC}") = "Senpai", "Senpai\Senpai.csproj", "{BEE92F34-E58E-437F-9994-EBF0299E392A}"
EndProject
Global
	GlobalSection(SolutionConfigurationPlatforms) = preSolution
		Debug|Any CPU = Debug|Any CPU
		Release|Any CPU = Release|Any CPU
	EndGlobalSection
	GlobalSection(ProjectConfigurationPlatforms) = postSolution
		{BEE92F34-E58E-437F-9994-EBF0299E392A}.Debug|Any CPU.ActiveCfg = Debug|Any CPU
		{BEE92F34-E58E-437F-9994-EBF0299E392A}.Debug|Any CPU.Build.0 = Debug|Any CPU
		{BEE92F34-E58E-437F-9994-EBF0299E392A}.Release|Any CPU.ActiveCfg = Release|Any CPU
		{BEE92F34-E58E-437F-9994-EBF0299E392A}.Release|Any CPU.Build.0 = Release|Any CPU
	EndGlobalSection
	GlobalSection(SolutionProperties) = preSolution
		HideSolutionNode = FALSE
	EndGlobalSection
EndGlobal
